
Microsoft Visual Studio Solution File, Format Version 12.00
# Visual Studio Version 17
VisualStudioVersion = 17.11.35327.3
MinimumVisualStudioVersion = 10.0.40219.1
Project("{FAE04EC0-301F-11D3-BF4B-00C04F79EFBC}") = "EntityFrameworkStatisticsProject", "EntityFrameworkStatisticsProject\EntityFrameworkStatisticsProject.csproj", "{87C07AD2-3925-4F34-8516-66BF1DA28C95}"
EndProject
Global
	GlobalSection(SolutionConfigurationPlatforms) = preSolution
		Debug|Any CPU = Debug|Any CPU
		Release|Any CPU = Release|Any CPU
	EndGlobalSection
	GlobalSection(ProjectConfigurationPlatforms) = postSolution
		{87C07AD2-3925-4F34-8516-66BF1DA28C95}.Debug|Any CPU.ActiveCfg = Debug|Any CPU
		{87C07AD2-3925-4F34-8516-66BF1DA28C95}.Debug|Any CPU.Build.0 = Debug|Any CPU
		{87C07AD2-3925-4F34-8516-66BF1DA28C95}.Release|Any CPU.ActiveCfg = Release|Any CPU
		{87C07AD2-3925-4F34-8516-66BF1DA28C95}.Release|Any CPU.Build.0 = Release|Any CPU
	EndGlobalSection
	GlobalSection(SolutionProperties) = preSolution
		HideSolutionNode = FALSE
	EndGlobalSection
	GlobalSection(ExtensibilityGlobals) = postSolution
		SolutionGuid = {F6C7E43D-E9B0-43E9-9C78-143BBB4D30DA}
	EndGlobalSection
EndGlobal
